# This file is automatically @generated by Cargo.
# It is not intended for manual editing.
version = 4

[[package]]
name = "openfiat-advertisements"
version = "0.1.0"
dependencies = [
 "openfiat-trade",
 "openfiat-types",
]

[[package]]
name = "openfiat-api"
version = "0.1.0"
dependencies = [
 "openfiat-rpc",
 "openfiat-types",
]

[[package]]
name = "openfiat-cli"
version = "0.1.0"
dependencies = [
 "openfiat-api",
 "openfiat-config",
 "openfiat-database",
 "openfiat-metrics",
 "openfiat-network",
 "openfiat-rpc",
]

[[package]]
name = "openfiat-config"
version = "0.1.0"
dependencies = [
 "openfiat-types",
]

[[package]]
name = "openfiat-crypto"
version = "0.1.0"
dependencies = [
 "openfiat-types",
]

[[package]]
name = "openfiat-database"
version = "0.1.0"
dependencies = [
 "openfiat-storage",
 "openfiat-types",
]

[[package]]
name = "openfiat-discovery"
version = "0.1.0"
dependencies = [
 "openfiat-network",
 "openfiat-types",
]

[[package]]
name = "openfiat-disputes"
version = "0.1.0"
dependencies = [
 "openfiat-settlement",
 "openfiat-trade",
 "openfiat-types",
]

[[package]]
name = "openfiat-gossip"
version = "0.1.0"
dependencies = [
 "openfiat-network",
 "openfiat-types",
]

[[package]]
name = "openfiat-governance"
version = "0.1.0"
dependencies = [
 "openfiat-identity",
 "openfiat-types",
]

[[package]]
name = "openfiat-identity"
version = "0.1.0"
dependencies = [
 "openfiat-crypto",
 "openfiat-types",
]

[[package]]
name = "openfiat-metrics"
version = "0.1.0"
dependencies = [
 "openfiat-types",
]

[[package]]
name = "openfiat-network"
version = "0.1.0"
dependencies = [
 "openfiat-crypto",
 "openfiat-serialization",
 "openfiat-types",
]

[[package]]
name = "openfiat-notifications"
version = "0.1.0"
dependencies = [
 "openfiat-types",
]

[[package]]
name = "openfiat-oracles"
version = "0.1.0"
dependencies = [
 "openfiat-types",
]

[[package]]
name = "openfiat-registry"
version = "0.1.0"
dependencies = [
 "openfiat-network",
 "openfiat-types",
]

[[package]]
name = "openfiat-reputation"
version = "0.1.0"
dependencies = [
 "openfiat-identity",
 "openfiat-types",
]

[[package]]
name = "openfiat-reservations"
version = "0.1.0"
dependencies = [
 "openfiat-trade",
 "openfiat-types",
]

[[package]]
name = "openfiat-risk"
version = "0.1.0"
dependencies = [
 "openfiat-identity",
 "openfiat-types",
]

[[package]]
name = "openfiat-rpc"
version = "0.1.0"
dependencies = [
 "openfiat-serialization",
 "openfiat-types",
]

[[package]]
name = "openfiat-serialization"
version = "0.1.0"
dependencies = [
 "openfiat-types",
]

[[package]]
name = "openfiat-sessions"
version = "0.1.0"
dependencies = [
 "openfiat-crypto",
 "openfiat-network",
 "openfiat-types",
]

[[package]]
name = "openfiat-settlement"
version = "0.1.0"
dependencies = [
 "openfiat-crypto",
 "openfiat-trade",
 "openfiat-types",
]

[[package]]
name = "openfiat-snapshot"
version = "0.1.0"
dependencies = [
 "openfiat-network",
 "openfiat-serialization",
 "openfiat-types",
]

[[package]]
name = "openfiat-storage"
version = "0.1.0"
dependencies = [
 "openfiat-types",
]

[[package]]
name = "openfiat-swqos"
version = "0.1.0"
dependencies = [
 "openfiat-network",
 "openfiat-reputation",
 "openfiat-types",
]

[[package]]
name = "openfiat-trade"
version = "0.1.0"
dependencies = [
 "openfiat-identity",
 "openfiat-types",
]

[[package]]
name = "openfiat-types"
version = "0.1.0"

[[package]]
name = "openfiat-wallet"
version = "0.1.0"
dependencies = [
 "openfiat-crypto",
 "openfiat-types",
]
